// !$*UTF8*$!
{
	archiveVersion = 1;
	classes = {
	};
	objectVersion = 77;
	objects = {

/* Begin PBXBuildFile section */
		2413061A2EB11E2700BD0C79 /* ShadCN-iOS-Package in Frameworks */ = {isa = PBXBuildFile; productRef = 241306192EB11E2700BD0C79 /* ShadCN-iOS-Package */; settings = {ATTRIBUTES = (Required, ); }; };
		2413061D2EB11F5F00BD0C79 /* ShadCN-iOS-Package in Frameworks */ = {isa = PBXBuildFile; productRef = 2413061C2EB11F5F00BD0C79 /* ShadCN-iOS-Package */; };
/* End PBXBuildFile section */

/* Begin PBXContainerItemProxy section */
		24FEBC8F2EB119CE0068C612 /* PBXContainerItemProxy */ = {
			isa = PBXContainerItemProxy;
			containerPortal = 24FEBC792EB119CB0068C612 /* Project object */;
			proxyType = 1;
			remoteGlobalIDString = 24FEBC802EB119CB0068C612;
			remoteInfo = "ShadCN-iOS-Demo";
		};
		24FEBC992EB119CE0068C612 /* PBXContainerItemProxy */ = {
			isa = PBXContainerItemProxy;
			containerPortal = 24FEBC792EB119CB0068C612 /* Project object */;
			proxyType = 1;
			remoteGlobalIDString = 24FEBC802EB119CB0068C612;
			remoteInfo = "ShadCN-iOS-Demo";
		};
/* End PBXContainerItemProxy section */

/* Begin PBXFileReference section */
		24FEBC812EB119CB0068C612 /* ShadCN-iOS-Demo.app */ = {isa = PBXFileReference; explicitFileType = wrapper.application; includeInIndex = 0; path = "ShadCN-iOS-Demo.app"; sourceTree = BUILT_PRODUCTS_DIR; };
		24FEBC8E2EB119CE0068C612 /* ShadCN-iOS-DemoTests.xctest */ = {isa = PBXFileReference; explicitFileType = wrapper.cfbundle; includeInIndex = 0; path = "ShadCN-iOS-DemoTests.xctest"; sourceTree = BUILT_PRODUCTS_DIR; };
		24FEBC982EB119CE0068C612 /* ShadCN-iOS-DemoUITests.xctest */ = {isa = PBXFileReference; explicitFileType = wrapper.cfbundle; includeInIndex = 0; path = "ShadCN-iOS-DemoUITests.xctest"; sourceTree = BUILT_PRODUCTS_DIR; };
/* End PBXFileReference section */

/* Begin PBXFileSystemSynchronizedRootGroup section */
		24FEBC832EB119CB0068C612 /* ShadCN-iOS-Demo */ = {
			isa = PBXFileSystemSynchronizedRootGroup;
			path = "ShadCN-iOS-Demo";
			sourceTree = "<group>";
		};
		24FEBC912EB119CE0068C612 /* ShadCN-iOS-DemoTests */ = {
			isa = PBXFileSystemSynchronizedRootGroup;
			path = "ShadCN-iOS-DemoTests";
			sourceTree = "<group>";
		};
		24FEBC9B2EB119CE0068C612 /* ShadCN-iOS-DemoUITests */ = {
			isa = PBXFileSystemSynchronizedRootGroup;
			path = "ShadCN-iOS-DemoUITests";
			sourceTree = "<group>";
		};
/* End PBXFileSystemSynchronizedRootGroup section */

/* Begin PBXFrameworksBuildPhase section */
		24FEBC7E2EB119CB0068C612 /* Frameworks */ = {
			isa = PBXFrameworksBuildPhase;
			buildActionMask = 2147483647;
			files = (
				2413061D2EB11F5F00BD0C79 /* ShadCN-iOS-Package in Frameworks */,
				2413061A2EB11E2700BD0C79 /* ShadCN-iOS-Package in Frameworks */,
			);
			runOnlyForDeploymentPostprocessing = 0;
		};
		24FEBC8B2EB119CE0068C612 /* Frameworks */ = {
			isa = PBXFrameworksBuildPhase;
			buildActionMask = 2147483647;
			files = (
			);
			runOnlyForDeploymentPostprocessing = 0;
		};
		24FEBC952EB119CE0068C612 /* Frameworks */ = {
			isa = PBXFrameworksBuildPhase;
			buildActionMask = 2147483647;
			files = (
			);
			runOnlyForDeploymentPostprocessing = 0;
		};
/* End PBXFrameworksBuildPhase section */

/* Begin PBXGroup section */
		24FEBC782EB119CB0068C612 = {
			isa = PBXGroup;
			children = (
				24FEBC832EB119CB0068C612 /* ShadCN-iOS-Demo */,
				24FEBC912EB119CE0068C612 /* ShadCN-iOS-DemoTests */,
				24FEBC9B2EB119CE0068C612 /* ShadCN-iOS-DemoUITests */,
				24FEBC822EB119CB0068C612 /* Products */,
			);
			sourceTree = "<group>";
		};
		24FEBC822EB119CB0068C612 /* Products */ = {
			isa = PBXGroup;
			children = (
				24FEBC812EB119CB0068C612 /* ShadCN-iOS-Demo.app */,
				24FEBC8E2EB119CE0068C612 /* ShadCN-iOS-DemoTests.xctest */,
				24FEBC982EB119CE0068C612 /* ShadCN-iOS-DemoUITests.xctest */,
			);
			name = Products;
			sourceTree = "<group>";
		};
/* End PBXGroup section */

/* Begin PBXNativeTarget section */
		24FEBC802EB119CB0068C612 /* ShadCN-iOS-Demo */ = {
			isa = PBXNativeTarget;
			buildConfigurationList = 24FEBCA22EB119CE0068C612 /* Build configuration list for PBXNativeTarget "ShadCN-iOS-Demo" */;
			buildPhases = (
				24FEBC7D2EB119CB0068C612 /* Sources */,
				24FEBC7E2EB119CB0068C612 /* Frameworks */,
				24FEBC7F2EB119CB0068C612 /* Resources */,
			);
			buildRules = (
			);
			dependencies = (
			);
			fileSystemSynchronizedGroups = (
				24FEBC832EB119CB0068C612 /* ShadCN-iOS-Demo */,
			);
			name = "ShadCN-iOS-Demo";
			packageProductDependencies = (
				241306192EB11E2700BD0C79 /* ShadCN-iOS-Package */,
				2413061C2EB11F5F00BD0C79 /* ShadCN-iOS-Package */,
			);
			productName = "ShadCN-iOS-Demo";
			productReference = 24FEBC812EB119CB0068C612 /* ShadCN-iOS-Demo.app */;
			productType = "com.apple.product-type.application";
		};
		24FEBC8D2EB119CE0068C612 /* ShadCN-iOS-DemoTests */ = {
			isa = PBXNativeTarget;
			buildConfigurationList = 24FEBCA52EB119CE0068C612 /* Build configuration list for PBXNativeTarget "ShadCN-iOS-DemoTests" */;
			buildPhases = (
				24FEBC8A2EB119CE0068C612 /* Sources */,
				24FEBC8B2EB119CE0068C612 /* Frameworks */,
				24FEBC8C2EB119CE0068C612 /* Resources */,
			);
			buildRules = (
			);
			dependencies = (
				24FEBC902EB119CE0068C612 /* PBXTargetDependency */,
			);
			fileSystemSynchronizedGroups = (
				24FEBC912EB119CE0068C612 /* ShadCN-iOS-DemoTests */,
			);
			name = "ShadCN-iOS-DemoTests";
			packageProductDependencies = (
			);
			productName = "ShadCN-iOS-DemoTests";
			productReference = 24FEBC8E2EB119CE0068C612 /* ShadCN-iOS-DemoTests.xctest */;
			productType = "com.apple.product-type.bundle.unit-test";
		};
		24FEBC972EB119CE0068C612 /* ShadCN-iOS-DemoUITests */ = {
			isa = PBXNativeTarget;
			buildConfigurationList = 24FEBCA82EB119CE0068C612 /* Build configuration list for PBXNativeTarget "ShadCN-iOS-DemoUITests" */;
			buildPhases = (
				24FEBC942EB119CE0068C612 /* Sources */,
				24FEBC952EB119CE0068C612 /* Frameworks */,
				24FEBC962EB119CE0068C612 /* Resources */,
			);
			buildRules = (
			);
			dependencies = (
				24FEBC9A2EB119CE0068C612 /* PBXTargetDependency */,
			);
			fileSystemSynchronizedGroups = (
				24FEBC9B2EB119CE0068C612 /* ShadCN-iOS-DemoUITests */,
			);
			name = "ShadCN-iOS-DemoUITests";
			packageProductDependencies = (
			);
			productName = "ShadCN-iOS-DemoUITests";
			productReference = 24FEBC982EB119CE0068C612 /* ShadCN-iOS-DemoUITests.xctest */;
			productType = "com.apple.product-type.bundle.ui-testing";
		};
/* End PBXNativeTarget section */

/* Begin PBXProject section */
		24FEBC792EB119CB0068C612 /* Project object */ = {
			isa = PBXProject;
			attributes = {
				BuildIndependentTargetsInParallel = 1;
				LastSwiftUpdateCheck = 1640;
				LastUpgradeCheck = 1640;
				TargetAttributes = {
					24FEBC802EB119CB0068C612 = {
						CreatedOnToolsVersion = 16.4;
					};
					24FEBC8D2EB119CE0068C612 = {
						CreatedOnToolsVersion = 16.4;
						TestTargetID = 24FEBC802EB119CB0068C612;
					};
					24FEBC972EB119CE0068C612 = {
						CreatedOnToolsVersion = 16.4;
						TestTargetID = 24FEBC802EB119CB0068C612;
					};
				};
			};
			buildConfigurationList = 24FEBC7C2EB119CB0068C612 /* Build configuration list for PBXProject "ShadCN-iOS-Demo" */;
			developmentRegion = en;
			hasScannedForEncodings = 0;
			knownRegions = (
				en,
				Base,
			);
			mainGroup = 24FEBC782EB119CB0068C612;
			minimizedProjectReferenceProxies = 1;
			packageReferences = (
				2413061B2EB11F5E00BD0C79 /* XCLocalSwiftPackageReference "../ShadCN-iOS-Package" */,
			);
			preferredProjectObjectVersion = 77;
			productRefGroup = 24FEBC822EB119CB0068C612 /* Products */;
			projectDirPath = "";
			projectRoot = "";
			targets = (
				24FEBC802EB119CB0068C612 /* ShadCN-iOS-Demo */,
				24FEBC8D2EB119CE0068C612 /* ShadCN-iOS-DemoTests */,
				24FEBC972EB119CE0068C612 /* ShadCN-iOS-DemoUITests */,
			);
		};
/* End PBXProject section */

/* Begin PBXResourcesBuildPhase section */
		24FEBC7F2EB119CB0068C612 /* Resources */ = {
			isa = PBXResourcesBuildPhase;
			buildActionMask = 2147483647;
			files = (
			);
			runOnlyForDeploymentPostprocessing = 0;
		};
		24FEBC8C2EB119CE0068C612 /* Resources */ = {
			isa = PBXResourcesBuildPhase;
			buildActionMask = 2147483647;
			files = (
			);
			runOnlyForDeploymentPostprocessing = 0;
		};
		24FEBC962EB119CE0068C612 /* Resources */ = {
			isa = PBXResourcesBuildPhase;
			buildActionMask = 2147483647;
			files = (
			);
			runOnlyForDeploymentPostprocessing = 0;
		};
/* End PBXResourcesBuildPhase section */

/* Begin PBXSourcesBuildPhase section */
		24FEBC7D2EB119CB0068C612 /* Sources */ = {
			isa = PBXSourcesBuildPhase;
			buildActionMask = 2147483647;
			files = (
			);
			runOnlyForDeploymentPostprocessing = 0;
		};
		24FEBC8A2EB119CE0068C612 /* Sources */ = {
			isa = PBXSourcesBuildPhase;
			buildActionMask = 2147483647;
			files = (
			);
			runOnlyForDeploymentPostprocessing = 0;
		};
		24FEBC942EB119CE0068C612 /* Sources */ = {
			isa = PBXSourcesBuildPhase;
			buildActionMask = 2147483647;
			files = (
			);
			runOnlyForDeploymentPostprocessing = 0;
		};
/* End PBXSourcesBuildPhase section */

/* Begin PBXTargetDependency section */
		24FEBC902EB119CE0068C612 /* PBXTargetDependency */ = {
			isa = PBXTargetDependency;
			target = 24FEBC802EB119CB0068C612 /* ShadCN-iOS-Demo */;
			targetProxy = 24FEBC8F2EB119CE0068C612 /* PBXContainerItemProxy */;
		};
		24FEBC9A2EB119CE0068C612 /* PBXTargetDependency */ = {
			isa = PBXTargetDependency;
			target = 24FEBC802EB119CB0068C612 /* ShadCN-iOS-Demo */;
			targetProxy = 24FEBC992EB119CE0068C612 /* PBXContainerItemProxy */;
		};
/* End PBXTargetDependency section */

/* Begin XCBuildConfiguration section */
		24FEBCA02EB119CE0068C612 /* Debug */ = {
			isa = XCBuildConfiguration;
			buildSettings = {
				ALWAYS_SEARCH_USER_PATHS = NO;
				ASSETCATALOG_COMPILER_GENERATE_SWIFT_ASSET_SYMBOL_EXTENSIONS = YES;
				CLANG_ANALYZER_NONNULL = YES;
				CLANG_ANALYZER_NUMBER_OBJECT_CONVERSION = YES_AGGRESSIVE;
				CLANG_CXX_LANGUAGE_STANDARD = "gnu++20";
				CLANG_ENABLE_MODULES = YES;
				CLANG_ENABLE_OBJC_ARC = YES;
				CLANG_ENABLE_OBJC_WEAK = YES;
				CLANG_WARN_BLOCK_CAPTURE_AUTORELEASING = YES;
				CLANG_WARN_BOOL_CONVERSION = YES;
				CLANG_WARN_COMMA = YES;
				CLANG_WARN_CONSTANT_CONVERSION = YES;
				CLANG_WARN_DEPRECATED_OBJC_IMPLEMENTATIONS = YES;
				CLANG_WARN_DIRECT_OBJC_ISA_USAGE = YES_ERROR;
				CLANG_WARN_DOCUMENTATION_COMMENTS = YES;
				CLANG_WARN_EMPTY_BODY = YES;
				CLANG_WARN_ENUM_CONVERSION = YES;
				CLANG_WARN_INFINITE_RECURSION = YES;
				CLANG_WARN_INT_CONVERSION = YES;
				CLANG_WARN_NON_LITERAL_NULL_CONVERSION = YES;
				CLANG_WARN_OBJC_IMPLICIT_RETAIN_SELF = YES;
				CLANG_WARN_OBJC_LITERAL_CONVERSION = YES;
				CLANG_WARN_OBJC_ROOT_CLASS = YES_ERROR;
				CLANG_WARN_QUOTED_INCLUDE_IN_FRAMEWORK_HEADER = YES;
				CLANG_WARN_RANGE_LOOP_ANALYSIS = YES;
				CLANG_WARN_STRICT_PROTOTYPES = YES;
				CLANG_WARN_SUSPICIOUS_MOVE = YES;
				CLANG_WARN_UNGUARDED_AVAILABILITY = YES_AGGRESSIVE;
				CLANG_WARN_UNREACHABLE_CODE = YES;
				CLANG_WARN__DUPLICATE_METHOD_MATCH = YES;
				COPY_PHASE_STRIP = NO;
				DEBUG_INFORMATION_FORMAT = dwarf;
				DEVELOPMENT_TEAM = 896TN3PTD8;
				ENABLE_STRICT_OBJC_MSGSEND = YES;
				ENABLE_TESTABILITY = YES;
				ENABLE_USER_SCRIPT_SANDBOXING = YES;
				GCC_C_LANGUAGE_STANDARD = gnu17;
				GCC_DYNAMIC_NO_PIC = NO;
				GCC_NO_COMMON_BLOCKS = YES;
				GCC_OPTIMIZATION_LEVEL = 0;
				GCC_PREPROCESSOR_DEFINITIONS = (
					"DEBUG=1",
					"$(inherited)",
				);
				GCC_WARN_64_TO_32_BIT_CONVERSION = YES;
				GCC_WARN_ABOUT_RETURN_TYPE = YES_ERROR;
				GCC_WARN_UNDECLARED_SELECTOR = YES;
				GCC_WARN_UNINITIALIZED_AUTOS = YES_AGGRESSIVE;
				GCC_WARN_UNUSED_FUNCTION = YES;
				GCC_WARN_UNUSED_VARIABLE = YES;
				IPHONEOS_DEPLOYMENT_TARGET = 18.5;
				LOCALIZATION_PREFERS_STRING_CATALOGS = YES;
				MTL_ENABLE_DEBUG_INFO = INCLUDE_SOURCE;
				MTL_FAST_MATH = YES;
				ONLY_ACTIVE_ARCH = YES;
				SDKROOT = iphoneos;
				SWIFT_ACTIVE_COMPILATION_CONDITIONS = "DEBUG $(inherited)";
				SWIFT_OPTIMIZATION_LEVEL = "-Onone";
			};
			name = Debug;
		};
		24FEBCA12EB119CE0068C612 /* Release */ = {
			isa = XCBuildConfiguration;
			buildSettings = {
				ALWAYS_SEARCH_USER_PATHS = NO;
				ASSETCATALOG_COMPILER_GENERATE_SWIFT_ASSET_SYMBOL_EXTENSIONS = YES;
				CLANG_ANALYZER_NONNULL = YES;
				CLANG_ANALYZER_NUMBER_OBJECT_CONVERSION = YES_AGGRESSIVE;
				CLANG_CXX_LANGUAGE_STANDARD = "gnu++20";
				CLANG_ENABLE_MODULES = YES;
				CLANG_ENABLE_OBJC_ARC = YES;
				CLANG_ENABLE_OBJC_WEAK = YES;
				CLANG_WARN_BLOCK_CAPTURE_AUTORELEASING = YES;
				CLANG_WARN_BOOL_CONVERSION = YES;
				CLANG_WARN_COMMA = YES;
				CLANG_WARN_CONSTANT_CONVERSION = YES;
				CLANG_WARN_DEPRECATED_OBJC_IMPLEMENTATIONS = YES;
				CLANG_WARN_DIRECT_OBJC_ISA_USAGE = YES_ERROR;
				CLANG_WARN_DOCUMENTATION_COMMENTS = YES;
				CLANG_WARN_EMPTY_BODY = YES;
				CLANG_WARN_ENUM_CONVERSION = YES;
				CLANG_WARN_INFINITE_RECURSION = YES;
				CLANG_WARN_INT_CONVERSION = YES;
				CLANG_WARN_NON_LITERAL_NULL_CONVERSION = YES;
				CLANG_WARN_OBJC_IMPLICIT_RETAIN_SELF = YES;
				CLANG_WARN_OBJC_LITERAL_CONVERSION = YES;
				CLANG_WARN_OBJC_ROOT_CLASS = YES_ERROR;
				CLANG_WARN_QUOTED_INCLUDE_IN_FRAMEWORK_HEADER = YES;
				CLANG_WARN_RANGE_LOOP_ANALYSIS = YES;
				CLANG_WARN_STRICT_PROTOTYPES = YES;
				CLANG_WARN_SUSPICIOUS_MOVE = YES;
				CLANG_WARN_UNGUARDED_AVAILABILITY = YES_AGGRESSIVE;
				CLANG_WARN_UNREACHABLE_CODE = YES;
				CLANG_WARN__DUPLICATE_METHOD_MATCH = YES;
				COPY_PHASE_STRIP = NO;
				DEBUG_INFORMATION_FORMAT = "dwarf-with-dsym";
				DEVELOPMENT_TEAM = 896TN3PTD8;
				ENABLE_NS_ASSERTIONS = NO;
				ENABLE_STRICT_OBJC_MSGSEND = YES;
				ENABLE_USER_SCRIPT_SANDBOXING = YES;
				GCC_C_LANGUAGE_STANDARD = gnu17;
				GCC_NO_COMMON_BLOCKS = YES;
				GCC_WARN_64_TO_32_BIT_CONVERSION = YES;
				GCC_WARN_ABOUT_RETURN_TYPE = YES_ERROR;
				GCC_WARN_UNDECLARED_SELECTOR = YES;
				GCC_WARN_UNINITIALIZED_AUTOS = YES_AGGRESSIVE;
				GCC_WARN_UNUSED_FUNCTION = YES;
				GCC_WARN_UNUSED_VARIABLE = YES;
				IPHONEOS_DEPLOYMENT_TARGET = 18.5;
				LOCALIZATION_PREFERS_STRING_CATALOGS = YES;
				MTL_ENABLE_DEBUG_INFO = NO;
				MTL_FAST_MATH = YES;
				SDKROOT = iphoneos;
				SWIFT_COMPILATION_MODE = wholemodule;
				VALIDATE_PRODUCT = YES;
			};
			name = Release;
		};
		24FEBCA32EB119CE0068C612 /* Debug */ = {
			isa = XCBuildConfiguration;
			buildSettings = {
				ASSETCATALOG_COMPILER_APPICON_NAME = AppIcon;
				ASSETCATALOG_COMPILER_GLOBAL_ACCENT_COLOR_NAME = AccentColor;
				CODE_SIGN_STYLE = Automatic;
				CURRENT_PROJECT_VERSION = 1;
				DEVELOPMENT_TEAM = 896TN3PTD8;
				ENABLE_PREVIEWS = YES;
				GENERATE_INFOPLIST_FILE = YES;
				INFOPLIST_KEY_UIApplicationSceneManifest_Generation = YES;
				INFOPLIST_KEY_UIApplicationSupportsIndirectInputEvents = YES;
				INFOPLIST_KEY_UILaunchScreen_Generation = YES;
				INFOPLIST_KEY_UISupportedInterfaceOrientations_iPad = "UIInterfaceOrientationPortrait UIInterfaceOrientationPortraitUpsideDown UIInterfaceOrientationLandscapeLeft UIInterfaceOrientationLandscapeRight";
				INFOPLIST_KEY_UISupportedInterfaceOrientations_iPhone = "UIInterfaceOrientationPortrait UIInterfaceOrientationLandscapeLeft UIInterfaceOrientationLandscapeRight";
				LD_RUNPATH_SEARCH_PATHS = (
					"$(inherited)",
					"@executable_path/Frameworks",
				);
				MARKETING_VERSION = 1.0;
				PRODUCT_BUNDLE_IDENTIFIER = "co.ravn.ShadCN-iOS-Demo";
				PRODUCT_NAME = "$(TARGET_NAME)";
				SWIFT_EMIT_LOC_STRINGS = YES;
				SWIFT_VERSION = 5.0;
				TARGETED_DEVICE_FAMILY = "1,2";
			};
			name = Debug;
		};
		24FEBCA42EB119CE0068C612 /* Release */ = {
			isa = XCBuildConfiguration;
			buildSettings = {
				ASSETCATALOG_COMPILER_APPICON_NAME = AppIcon;
				ASSETCATALOG_COMPILER_GLOBAL_ACCENT_COLOR_NAME = AccentColor;
				CODE_SIGN_STYLE = Automatic;
				CURRENT_PROJECT_VERSION = 1;
				DEVELOPMENT_TEAM = 896TN3PTD8;
				ENABLE_PREVIEWS = YES;
				GENERATE_INFOPLIST_FILE = YES;
				INFOPLIST_KEY_UIApplicationSceneManifest_Generation = YES;
				INFOPLIST_KEY_UIApplicationSupportsIndirectInputEvents = YES;
				INFOPLIST_KEY_UILaunchScreen_Generation = YES;
				INFOPLIST_KEY_UISupportedInterfaceOrientations_iPad = "UIInterfaceOrientationPortrait UIInterfaceOrientationPortraitUpsideDown UIInterfaceOrientationLandscapeLeft UIInterfaceOrientationLandscapeRight";
				INFOPLIST_KEY_UISupportedInterfaceOrientations_iPhone = "UIInterfaceOrientationPortrait UIInterfaceOrientationLandscapeLeft UIInterfaceOrientationLandscapeRight";
				LD_RUNPATH_SEARCH_PATHS = (
					"$(inherited)",
					"@executable_path/Frameworks",
				);
				MARKETING_VERSION = 1.0;
				PRODUCT_BUNDLE_IDENTIFIER = "co.ravn.ShadCN-iOS-Demo";
				PRODUCT_NAME = "$(TARGET_NAME)";
				SWIFT_EMIT_LOC_STRINGS = YES;
				SWIFT_VERSION = 5.0;
				TARGETED_DEVICE_FAMILY = "1,2";
			};
			name = Release;
		};
		24FEBCA62EB119CE0068C612 /* Debug */ = {
			isa = XCBuildConfiguration;
			buildSettings = {
				BUNDLE_LOADER = "$(TEST_HOST)";
				CODE_SIGN_STYLE = Automatic;
				CURRENT_PROJECT_VERSION = 1;
				DEVELOPMENT_TEAM = 896TN3PTD8;
				GENERATE_INFOPLIST_FILE = YES;
				IPHONEOS_DEPLOYMENT_TARGET = 18.5;
				MARKETING_VERSION = 1.0;
				PRODUCT_BUNDLE_IDENTIFIER = "co.ravn.ShadCN-iOS-DemoTests";
				PRODUCT_NAME = "$(TARGET_NAME)";
				SWIFT_EMIT_LOC_STRINGS = NO;
				SWIFT_VERSION = 5.0;
				TARGETED_DEVICE_FAMILY = "1,2";
				TEST_HOST = "$(BUILT_PRODUCTS_DIR)/ShadCN-iOS-Demo.app/$(BUNDLE_EXECUTABLE_FOLDER_PATH)/ShadCN-iOS-Demo";
			};
			name = Debug;
		};
		24FEBCA72EB119CE0068C612 /* Release */ = {
			isa = XCBuildConfiguration;
			buildSettings = {
				BUNDLE_LOADER = "$(TEST_HOST)";
				CODE_SIGN_STYLE = Automatic;
				CURRENT_PROJECT_VERSION = 1;
				DEVELOPMENT_TEAM = 896TN3PTD8;
				GENERATE_INFOPLIST_FILE = YES;
				IPHONEOS_DEPLOYMENT_TARGET = 18.5;
				MARKETING_VERSION = 1.0;
				PRODUCT_BUNDLE_IDENTIFIER = "co.ravn.ShadCN-iOS-DemoTests";
				PRODUCT_NAME = "$(TARGET_NAME)";
				SWIFT_EMIT_LOC_STRINGS = NO;
				SWIFT_VERSION = 5.0;
				TARGETED_DEVICE_FAMILY = "1,2";
				TEST_HOST = "$(BUILT_PRODUCTS_DIR)/ShadCN-iOS-Demo.app/$(BUNDLE_EXECUTABLE_FOLDER_PATH)/ShadCN-iOS-Demo";
			};
			name = Release;
		};
		24FEBCA92EB119CE0068C612 /* Debug */ = {
			isa = XCBuildConfiguration;
			buildSettings = {
				CODE_SIGN_STYLE = Automatic;
				CURRENT_PROJECT_VERSION = 1;
				DEVELOPMENT_TEAM = 896TN3PTD8;
				GENERATE_INFOPLIST_FILE = YES;
				MARKETING_VERSION = 1.0;
				PRODUCT_BUNDLE_IDENTIFIER = "co.ravn.ShadCN-iOS-DemoUITests";
				PRODUCT_NAME = "$(TARGET_NAME)";
				SWIFT_EMIT_LOC_STRINGS = NO;
				SWIFT_VERSION = 5.0;
				TARGETED_DEVICE_FAMILY = "1,2";
				TEST_TARGET_NAME = "ShadCN-iOS-Demo";
			};
			name = Debug;
		};
		24FEBCAA2EB119CE0068C612 /* Release */ = {
			isa = XCBuildConfiguration;
			buildSettings = {
				CODE_SIGN_STYLE = Automatic;
				CURRENT_PROJECT_VERSION = 1;
				DEVELOPMENT_TEAM = 896TN3PTD8;
				GENERATE_INFOPLIST_FILE = YES;
				MARKETING_VERSION = 1.0;
				PRODUCT_BUNDLE_IDENTIFIER = "co.ravn.ShadCN-iOS-DemoUITests";
				PRODUCT_NAME = "$(TARGET_NAME)";
				SWIFT_EMIT_LOC_STRINGS = NO;
				SWIFT_VERSION = 5.0;
				TARGETED_DEVICE_FAMILY = "1,2";
				TEST_TARGET_NAME = "ShadCN-iOS-Demo";
			};
			name = Release;
		};
/* End XCBuildConfiguration section */

/* Begin XCConfigurationList section */
		24FEBC7C2EB119CB0068C612 /* Build configuration list for PBXProject "ShadCN-iOS-Demo" */ = {
			isa = XCConfigurationList;
			buildConfigurations = (
				24FEBCA02EB119CE0068C612 /* Debug */,
				24FEBCA12EB119CE0068C612 /* Release */,
			);
			defaultConfigurationIsVisible = 0;
			defaultConfigurationName = Release;
		};
		24FEBCA22EB119CE0068C612 /* Build configuration list for PBXNativeTarget "ShadCN-iOS-Demo" */ = {
			isa = XCConfigurationList;
			buildConfigurations = (
				24FEBCA32EB119CE0068C612 /* Debug */,
				24FEBCA42EB119CE0068C612 /* Release */,
			);
			defaultConfigurationIsVisible = 0;
			defaultConfigurationName = Release;
		};
		24FEBCA52EB119CE0068C612 /* Build configuration list for PBXNativeTarget "ShadCN-iOS-DemoTests" */ = {
			isa = XCConfigurationList;
			buildConfigurations = (
				24FEBCA62EB119CE0068C612 /* Debug */,
				24FEBCA72EB119CE0068C612 /* Release */,
			);
			defaultConfigurationIsVisible = 0;
			defaultConfigurationName = Release;
		};
		24FEBCA82EB119CE0068C612 /* Build configuration list for PBXNativeTarget "ShadCN-iOS-DemoUITests" */ = {
			isa = XCConfigurationList;
			buildConfigurations = (
				24FEBCA92EB119CE0068C612 /* Debug */,
				24FEBCAA2EB119CE0068C612 /* Release */,
			);
			defaultConfigurationIsVisible = 0;
			defaultConfigurationName = Release;
		};
/* End XCConfigurationList section */

/* Begin XCLocalSwiftPackageReference section */
		2413061B2EB11F5E00BD0C79 /* XCLocalSwiftPackageReference "../ShadCN-iOS-Package" */ = {
			isa = XCLocalSwiftPackageReference;
			relativePath = "../ShadCN-iOS-Package";
		};
/* End XCLocalSwiftPackageReference section */

/* Begin XCSwiftPackageProductDependency section */
		241306192EB11E2700BD0C79 /* ShadCN-iOS-Package */ = {
			isa = XCSwiftPackageProductDependency;
			productName = "ShadCN-iOS-Package";
		};
		2413061C2EB11F5F00BD0C79 /* ShadCN-iOS-Package */ = {
			isa = XCSwiftPackageProductDependency;
			productName = "ShadCN-iOS-Package";
		};
/* End XCSwiftPackageProductDependency section */
	};
	rootObject = 24FEBC792EB119CB0068C612 /* Project object */;
}
